
Microsoft Visual Studio Solution File, Format Version 12.00
# Visual Studio Version 17
VisualStudioVersion = 17.7.34009.444
MinimumVisualStudioVersion = 10.0.40219.1
Project("{FAE04EC0-301F-11D3-BF4B-00C04F79EFBC}") = "Labb3", "Labb3\Labb3.csproj", "{7D02976A-5C49-48A1-A9E2-1AEE5C8336D8}"
EndProject
Global
	GlobalSection(SolutionConfigurationPlatforms) = preSolution
		Debug|Any CPU = Debug|Any CPU
		Release|Any CPU = Release|Any CPU
	EndGlobalSection
	GlobalSection(ProjectConfigurationPlatforms) = postSolution
		{7D02976A-5C49-48A1-A9E2-1AEE5C8336D8}.Debug|Any CPU.ActiveCfg = Debug|Any CPU
		{7D02976A-5C49-48A1-A9E2-1AEE5C8336D8}.Debug|Any CPU.Build.0 = Debug|Any CPU
		{7D02976A-5C49-48A1-A9E2-1AEE5C8336D8}.Release|Any CPU.ActiveCfg = Release|Any CPU
		{7D02976A-5C49-48A1-A9E2-1AEE5C8336D8}.Release|Any CPU.Build.0 = Release|Any CPU
	EndGlobalSection
	GlobalSection(SolutionProperties) = preSolution
		HideSolutionNode = FALSE
	EndGlobalSection
	GlobalSection(ExtensibilityGlobals) = postSolution
		SolutionGuid = {67578DCA-A182-419F-9D3B-E67C42691BAD}
	EndGlobalSection
EndGlobal
